{"1.2.0",
[{<<"quantile_estimator">>,{pkg,<<"quantile_estimator">>,<<"0.2.1">>},0}]}.
[
{pkg_hash,[
 {<<"quantile_estimator">>, <<"EF50A361F11B5F26B5F16D0696E46A9E4661756492C981F7B2229EF42FF1CD15">>}]},
{pkg_hash_ext,[
 {<<"quantile_estimator">>, <<"282A8A323CA2A845C9E6F787D166348F776C1D4A41EDE63046D72D422E3DA946">>}]}
].
